Microsoft Visual Studio Solution File, Format Version 12.00
# Visual Studio 2013
VisualStudioVersion = 12.0.30626.0
MinimumVisualStudioVersion = 10.0.40219.1
Project("{8BC9CEB8-8B4A-11D0-8D11-00A0C91BC942}") = "lib_mpir_p3", "lib_mpir_p3\lib_mpir_p3.vcxproj", "{e70f9040-54a6-44fa-89e2-30a2224f4e34}"
EndProject
Project("{8BC9CEB8-8B4A-11D0-8D11-00A0C91BC942}") = "dll_mpir_gc", "dll_mpir_gc\dll_mpir_gc.vcxproj", "{2a259627-5c52-49e8-93b1-0f46741fe9ae}"
EndProject
Project("{8BC9CEB8-8B4A-11D0-8D11-00A0C91BC942}") = "lib_mpir_cxx", "lib_mpir_cxx\lib_mpir_cxx.vcxproj", "{49d0f7f7-f8f2-4a61-9bdb-4b497430debf}"
EndProject
Project("{8BC9CEB8-8B4A-11D0-8D11-00A0C91BC942}") = "dll_mpir_core2", "dll_mpir_core2\dll_mpir_core2.vcxproj", "{9f9111f2-5e6c-49fa-b567-94da5f6385a3}"
EndProject
Project("{8BC9CEB8-8B4A-11D0-8D11-00A0C91BC942}") = "lib_mpir_gc", "lib_mpir_gc\lib_mpir_gc.vcxproj", "{b35a2b42-a36b-4017-9dff-dce49573a816}"
EndProject
Project("{8BC9CEB8-8B4A-11D0-8D11-00A0C91BC942}") = "lib_mpir_core2", "lib_mpir_core2\lib_mpir_core2.vcxproj", "{dfd326b7-da51-4966-a72d-6d43e6968728}"
EndProject
Project("{8BC9CEB8-8B4A-11D0-8D11-00A0C91BC942}") = "dll_mpir_p3", "dll_mpir_p3\dll_mpir_p3.vcxproj", "{63583409-94b0-47fc-8295-dcbe0a662f24}"
EndProject
Global
    GlobalSection(SolutionConfigurationPlatforms) = preSolution
        Debug|Win32 = Debug|Win32
        Debug|x64 = Debug|x64
        Release|Win32 = Release|Win32
        Release|x64 = Release|x64
    EndGlobalSection
    GlobalSection(SolutionProperties) = preSolution
        HideSolutionNode = FALSE
    EndGlobalSection
    GlobalSection(NestedProjects) = preSolution
    EndGlobalSection
EndGlobal
